
Microsoft Visual Studio Solution File, Format Version 12.00
# Visual Studio Version 17
VisualStudioVersion = 17.14.36429.23 d17.14
MinimumVisualStudioVersion = 10.0.40219.1
Project("{FAE04EC0-301F-11D3-BF4B-00C04F79EFBC}") = "DhlDemo_Lesson4", "DhlDemo_Lesson4\DhlDemo_Lesson4.csproj", "{E17E2C35-C3A5-4343-ADCF-A1AC7B50CAF1}"
EndProject
Global
	GlobalSection(SolutionConfigurationPlatforms) = preSolution
		Debug|Any CPU = Debug|Any CPU
		Release|Any CPU = Release|Any CPU
	EndGlobalSection
	GlobalSection(ProjectConfigurationPlatforms) = postSolution
		{E17E2C35-C3A5-4343-ADCF-A1AC7B50CAF1}.Debug|Any CPU.ActiveCfg = Debug|Any CPU
		{E17E2C35-C3A5-4343-ADCF-A1AC7B50CAF1}.Debug|Any CPU.Build.0 = Debug|Any CPU
		{E17E2C35-C3A5-4343-ADCF-A1AC7B50CAF1}.Release|Any CPU.ActiveCfg = Release|Any CPU
		{E17E2C35-C3A5-4343-ADCF-A1AC7B50CAF1}.Release|Any CPU.Build.0 = Release|Any CPU
	EndGlobalSection
	GlobalSection(SolutionProperties) = preSolution
		HideSolutionNode = FALSE
	EndGlobalSection
	GlobalSection(ExtensibilityGlobals) = postSolution
		SolutionGuid = {394D468B-2370-4513-B7DC-CDE20344E9D9}
	EndGlobalSection
EndGlobal
